
Microsoft Visual Studio Solution File, Format Version 12.00
# Visual Studio Version 17
VisualStudioVersion = 17.9.34607.119
MinimumVisualStudioVersion = 10.0.40219.1
Project("{9A19103F-16F7-4668-BE54-9A1E7A4F7556}") = "NMX.EzChess.Library", "NMX.EzChess.Library\NMX.EzChess.Library.csproj", "{D8F1904D-0088-41DA-80FD-3D5A187AC3A7}"
EndProject
Project("{FAE04EC0-301F-11D3-BF4B-00C04F79EFBC}") = "NMX.EzChess.Console", "NMX.EzChess.Console\NMX.EzChess.Console.csproj", "{C02B0794-64DF-40D4-8644-778B3E559D25}"
	ProjectSection(ProjectDependencies) = postProject
		{D8F1904D-0088-41DA-80FD-3D5A187AC3A7} = {D8F1904D-0088-41DA-80FD-3D5A187AC3A7}
	EndProjectSection
EndProject
Global
	GlobalSection(SolutionConfigurationPlatforms) = preSolution
		Debug|Any CPU = Debug|Any CPU
		Release|Any CPU = Release|Any CPU
	EndGlobalSection
	GlobalSection(ProjectConfigurationPlatforms) = postSolution
		{D8F1904D-0088-41DA-80FD-3D5A187AC3A7}.Debug|Any CPU.ActiveCfg = Debug|Any CPU
		{D8F1904D-0088-41DA-80FD-3D5A187AC3A7}.Debug|Any CPU.Build.0 = Debug|Any CPU
		{D8F1904D-0088-41DA-80FD-3D5A187AC3A7}.Release|Any CPU.ActiveCfg = Release|Any CPU
		{D8F1904D-0088-41DA-80FD-3D5A187AC3A7}.Release|Any CPU.Build.0 = Release|Any CPU
		{C02B0794-64DF-40D4-8644-778B3E559D25}.Debug|Any CPU.ActiveCfg = Debug|Any CPU
		{C02B0794-64DF-40D4-8644-778B3E559D25}.Debug|Any CPU.Build.0 = Debug|Any CPU
		{C02B0794-64DF-40D4-8644-778B3E559D25}.Release|Any CPU.ActiveCfg = Release|Any CPU
		{C02B0794-64DF-40D4-8644-778B3E559D25}.Release|Any CPU.Build.0 = Release|Any CPU
	EndGlobalSection
	GlobalSection(SolutionProperties) = preSolution
		HideSolutionNode = FALSE
	EndGlobalSection
	GlobalSection(ExtensibilityGlobals) = postSolution
		SolutionGuid = {1A2256BE-A1FA-4993-A0D5-8024198DDACE}
	EndGlobalSection
EndGlobal
